
Microsoft Visual Studio Solution File, Format Version 12.00
# Visual Studio Version 17
VisualStudioVersion = 17.0.31903.59
MinimumVisualStudioVersion = 10.0.40219.1
Project("{2150E333-8FDC-42A3-9474-1A3956D46DE8}") = "Ex. 1003 (Soma simples)", "Ex. 1003 (Soma simples)", "{6DF36945-3E79-A891-7D66-89F098F36E7C}"
EndProject
Project("{FAE04EC0-301F-11D3-BF4B-00C04F79EFBC}") = "Ex. 1003", "Ex. 1003 (Soma simples)\Ex. 1003\Ex. 1003.csproj", "{7CCE95FF-19CE-42C1-8651-7092B5B3B86E}"
EndProject
Project("{2150E333-8FDC-42A3-9474-1A3956D46DE8}") = "Ex. 1004 (Produto simples)", "Ex. 1004 (Produto simples)", "{81833E30-6A24-7669-C8A6-DDA46C402516}"
EndProject
Project("{FAE04EC0-301F-11D3-BF4B-00C04F79EFBC}") = "Ex. 1004", "Ex. 1004 (Produto simples)\Ex. 1004\Ex. 1004.csproj", "{938120BF-EE02-4A9D-9889-23AA07DD2063}"
EndProject
Project("{2150E333-8FDC-42A3-9474-1A3956D46DE8}") = "Ex. 1005 (Média 1)", "Ex. 1005 (Média 1)", "{2BE339F5-94BB-A5B1-09A4-55051ECF7C6B}"
EndProject
Project("{FAE04EC0-301F-11D3-BF4B-00C04F79EFBC}") = "Ex. 1005", "Ex. 1005 (Média 1)\Ex. 1005\Ex. 1005.csproj", "{10545DD2-C2A4-4F16-A124-3F4A0120DFC6}"
EndProject
Project("{2150E333-8FDC-42A3-9474-1A3956D46DE8}") = "Ex 1006 (Média 2)", "Ex 1006 (Média 2)", "{D82C8EC0-7701-E606-FB3F-3694A987EBBF}"
EndProject
Project("{FAE04EC0-301F-11D3-BF4B-00C04F79EFBC}") = "Ex 1006", "Ex 1006 (Média 2)\Ex 1006\Ex 1006.csproj", "{402B6FDD-7A52-4E57-8138-3773DADEF88C}"
EndProject
Project("{2150E333-8FDC-42A3-9474-1A3956D46DE8}") = "Ex. 1007 (Diferença)", "Ex. 1007 (Diferença)", "{668E6244-747F-801E-84E6-BF99A10ADC14}"
EndProject
Project("{FAE04EC0-301F-11D3-BF4B-00C04F79EFBC}") = "Ex. 1007", "Ex. 1007 (Diferença)\Ex. 1007\Ex. 1007.csproj", "{60BE55AF-CFBD-4D24-BD04-A9032A6B7BC6}"
EndProject
Project("{2150E333-8FDC-42A3-9474-1A3956D46DE8}") = "Ex. 1008 (Salário)", "Ex. 1008 (Salário)", "{C6C1F138-3D73-53ED-6E32-56CD12AB3D03}"
EndProject
Project("{FAE04EC0-301F-11D3-BF4B-00C04F79EFBC}") = "Ex. 1008", "Ex. 1008 (Salário)\Ex. 1008\Ex. 1008.csproj", "{0690CB04-E555-4327-BD6C-459061DE1747}"
EndProject
Project("{2150E333-8FDC-42A3-9474-1A3956D46DE8}") = "Ex. 1009 (Salário com Bônus)", "Ex. 1009 (Salário com Bônus)", "{511B423D-A468-2273-A213-2AC7C539C19C}"
EndProject
Project("{FAE04EC0-301F-11D3-BF4B-00C04F79EFBC}") = "Ex. 1009", "Ex. 1009 (Salário com Bônus)\Ex. 1009\Ex. 1009.csproj", "{F8B37C09-9799-4832-8B16-B0A5C268A30A}"
EndProject
Project("{2150E333-8FDC-42A3-9474-1A3956D46DE8}") = "Ex. 1010 (Cálculo Simples)", "Ex. 1010 (Cálculo Simples)", "{330AC3AD-F928-0229-A153-EE7010F560E4}"
EndProject
Project("{FAE04EC0-301F-11D3-BF4B-00C04F79EFBC}") = "Ex. 1010", "Ex. 1010 (Cálculo Simples)\Ex. 1010\Ex. 1010.csproj", "{7762CC38-A43A-447D-926A-AE5202020273}"
EndProject
Project("{2150E333-8FDC-42A3-9474-1A3956D46DE8}") = "Ex. 1011 (Esfera)", "Ex. 1011 (Esfera)", "{EE26EBB1-1E8E-3DA4-65B4-4BB6F4A758A5}"
EndProject
Project("{FAE04EC0-301F-11D3-BF4B-00C04F79EFBC}") = "Ex. 1011", "Ex. 1011 (Esfera)\Ex. 1011\Ex. 1011.csproj", "{B0B41662-4E81-4411-B2D3-F48FA4977B6C}"
EndProject
Project("{2150E333-8FDC-42A3-9474-1A3956D46DE8}") = "Ex. 1012 (Área)", "Ex. 1012 (Área)", "{E9FD412B-F3A2-6458-19A2-C4781B3BA0FF}"
EndProject
Project("{FAE04EC0-301F-11D3-BF4B-00C04F79EFBC}") = "Ex. 1012", "Ex. 1012 (Área)\Ex. 1012\Ex. 1012.csproj", "{90F495F6-24A0-4EE8-8EAA-E9637F9F3B31}"
EndProject
Project("{2150E333-8FDC-42A3-9474-1A3956D46DE8}") = "Ex. 1013 (O maior)", "Ex. 1013 (O maior)", "{C98285E2-BE9C-6131-0578-267A21D285F1}"
EndProject
Project("{FAE04EC0-301F-11D3-BF4B-00C04F79EFBC}") = "Ex. 1013", "Ex. 1013 (O maior)\Ex. 1013\Ex. 1013.csproj", "{AC92047A-A9CA-4606-AD64-CA8CF26C0A1E}"
EndProject
Project("{2150E333-8FDC-42A3-9474-1A3956D46DE8}") = "Ex. 1014 (Consumo)", "Ex. 1014 (Consumo)", "{B6FA1A47-0F5A-D58C-BE9B-E7749C644E89}"
EndProject
Project("{FAE04EC0-301F-11D3-BF4B-00C04F79EFBC}") = "Ex. 1014", "Ex. 1014 (Consumo)\Ex. 1014\Ex. 1014.csproj", "{E0C5C1CB-3E05-4009-80C1-948B738B789B}"
EndProject
Project("{2150E333-8FDC-42A3-9474-1A3956D46DE8}") = "Ex. 1015 (Distância entre dois pontos)", "Ex. 1015 (Distância entre dois pontos)", "{9D37047A-C2C6-AEF8-4E27-D45617F32E02}"
EndProject
Project("{FAE04EC0-301F-11D3-BF4B-00C04F79EFBC}") = "Ex. 1015", "Ex. 1015 (Distância entre dois pontos)\Ex. 1015\Ex. 1015.csproj", "{29A1E07E-CB96-4522-986F-66168F84B119}"
EndProject
Project("{2150E333-8FDC-42A3-9474-1A3956D46DE8}") = "Ex. 1016 (Distancia)", "Ex. 1016 (Distancia)", "{BD1691EF-FD01-06C2-D86D-C0649BFFD79A}"
EndProject
Project("{FAE04EC0-301F-11D3-BF4B-00C04F79EFBC}") = "Ex. 1016", "Ex. 1016 (Distancia)\Ex. 1016\Ex. 1016.csproj", "{A19666E1-6376-4539-A853-EECADAA45A40}"
EndProject
Global
	GlobalSection(SolutionConfigurationPlatforms) = preSolution
		Debug|Any CPU = Debug|Any CPU
		Debug|x64 = Debug|x64
		Debug|x86 = Debug|x86
		Release|Any CPU = Release|Any CPU
		Release|x64 = Release|x64
		Release|x86 = Release|x86
	EndGlobalSection
	GlobalSection(ProjectConfigurationPlatforms) = postSolution
		{7CCE95FF-19CE-42C1-8651-7092B5B3B86E}.Debug|Any CPU.ActiveCfg = Debug|Any CPU
		{7CCE95FF-19CE-42C1-8651-7092B5B3B86E}.Debug|Any CPU.Build.0 = Debug|Any CPU
		{7CCE95FF-19CE-42C1-8651-7092B5B3B86E}.Debug|x64.ActiveCfg = Debug|Any CPU
		{7CCE95FF-19CE-42C1-8651-7092B5B3B86E}.Debug|x64.Build.0 = Debug|Any CPU
		{7CCE95FF-19CE-42C1-8651-7092B5B3B86E}.Debug|x86.ActiveCfg = Debug|Any CPU
		{7CCE95FF-19CE-42C1-8651-7092B5B3B86E}.Debug|x86.Build.0 = Debug|Any CPU
		{7CCE95FF-19CE-42C1-8651-7092B5B3B86E}.Release|Any CPU.ActiveCfg = Release|Any CPU
		{7CCE95FF-19CE-42C1-8651-7092B5B3B86E}.Release|Any CPU.Build.0 = Release|Any CPU
		{7CCE95FF-19CE-42C1-8651-7092B5B3B86E}.Release|x64.ActiveCfg = Release|Any CPU
		{7CCE95FF-19CE-42C1-8651-7092B5B3B86E}.Release|x64.Build.0 = Release|Any CPU
		{7CCE95FF-19CE-42C1-8651-7092B5B3B86E}.Release|x86.ActiveCfg = Release|Any CPU
		{7CCE95FF-19CE-42C1-8651-7092B5B3B86E}.Release|x86.Build.0 = Release|Any CPU
		{938120BF-EE02-4A9D-9889-23AA07DD2063}.Debug|Any CPU.ActiveCfg = Debug|Any CPU
		{938120BF-EE02-4A9D-9889-23AA07DD2063}.Debug|Any CPU.Build.0 = Debug|Any CPU
		{938120BF-EE02-4A9D-9889-23AA07DD2063}.Debug|x64.ActiveCfg = Debug|Any CPU
		{938120BF-EE02-4A9D-9889-23AA07DD2063}.Debug|x64.Build.0 = Debug|Any CPU
		{938120BF-EE02-4A9D-9889-23AA07DD2063}.Debug|x86.ActiveCfg = Debug|Any CPU
		{938120BF-EE02-4A9D-9889-23AA07DD2063}.Debug|x86.Build.0 = Debug|Any CPU
		{938120BF-EE02-4A9D-9889-23AA07DD2063}.Release|Any CPU.ActiveCfg = Release|Any CPU
		{938120BF-EE02-4A9D-9889-23AA07DD2063}.Release|Any CPU.Build.0 = Release|Any CPU
		{938120BF-EE02-4A9D-9889-23AA07DD2063}.Release|x64.ActiveCfg = Release|Any CPU
		{938120BF-EE02-4A9D-9889-23AA07DD2063}.Release|x64.Build.0 = Release|Any CPU
		{938120BF-EE02-4A9D-9889-23AA07DD2063}.Release|x86.ActiveCfg = Release|Any CPU
		{938120BF-EE02-4A9D-9889-23AA07DD2063}.Release|x86.Build.0 = Release|Any CPU
		{10545DD2-C2A4-4F16-A124-3F4A0120DFC6}.Debug|Any CPU.ActiveCfg = Debug|Any CPU
		{10545DD2-C2A4-4F16-A124-3F4A0120DFC6}.Debug|Any CPU.Build.0 = Debug|Any CPU
		{10545DD2-C2A4-4F16-A124-3F4A0120DFC6}.Debug|x64.ActiveCfg = Debug|Any CPU
		{10545DD2-C2A4-4F16-A124-3F4A0120DFC6}.Debug|x64.Build.0 = Debug|Any CPU
		{10545DD2-C2A4-4F16-A124-3F4A0120DFC6}.Debug|x86.ActiveCfg = Debug|Any CPU
		{10545DD2-C2A4-4F16-A124-3F4A0120DFC6}.Debug|x86.Build.0 = Debug|Any CPU
		{10545DD2-C2A4-4F16-A124-3F4A0120DFC6}.Release|Any CPU.ActiveCfg = Release|Any CPU
		{10545DD2-C2A4-4F16-A124-3F4A0120DFC6}.Release|Any CPU.Build.0 = Release|Any CPU
		{10545DD2-C2A4-4F16-A124-3F4A0120DFC6}.Release|x64.ActiveCfg = Release|Any CPU
		{10545DD2-C2A4-4F16-A124-3F4A0120DFC6}.Release|x64.Build.0 = Release|Any CPU
		{10545DD2-C2A4-4F16-A124-3F4A0120DFC6}.Release|x86.ActiveCfg = Release|Any CPU
		{10545DD2-C2A4-4F16-A124-3F4A0120DFC6}.Release|x86.Build.0 = Release|Any CPU
		{402B6FDD-7A52-4E57-8138-3773DADEF88C}.Debug|Any CPU.ActiveCfg = Debug|Any CPU
		{402B6FDD-7A52-4E57-8138-3773DADEF88C}.Debug|Any CPU.Build.0 = Debug|Any CPU
		{402B6FDD-7A52-4E57-8138-3773DADEF88C}.Debug|x64.ActiveCfg = Debug|Any CPU
		{402B6FDD-7A52-4E57-8138-3773DADEF88C}.Debug|x64.Build.0 = Debug|Any CPU
		{402B6FDD-7A52-4E57-8138-3773DADEF88C}.Debug|x86.ActiveCfg = Debug|Any CPU
		{402B6FDD-7A52-4E57-8138-3773DADEF88C}.Debug|x86.Build.0 = Debug|Any CPU
		{402B6FDD-7A52-4E57-8138-3773DADEF88C}.Release|Any CPU.ActiveCfg = Release|Any CPU
		{402B6FDD-7A52-4E57-8138-3773DADEF88C}.Release|Any CPU.Build.0 = Release|Any CPU
		{402B6FDD-7A52-4E57-8138-3773DADEF88C}.Release|x64.ActiveCfg = Release|Any CPU
		{402B6FDD-7A52-4E57-8138-3773DADEF88C}.Release|x64.Build.0 = Release|Any CPU
		{402B6FDD-7A52-4E57-8138-3773DADEF88C}.Release|x86.ActiveCfg = Release|Any CPU
		{402B6FDD-7A52-4E57-8138-3773DADEF88C}.Release|x86.Build.0 = Release|Any CPU
		{60BE55AF-CFBD-4D24-BD04-A9032A6B7BC6}.Debug|Any CPU.ActiveCfg = Debug|Any CPU
		{60BE55AF-CFBD-4D24-BD04-A9032A6B7BC6}.Debug|Any CPU.Build.0 = Debug|Any CPU
		{60BE55AF-CFBD-4D24-BD04-A9032A6B7BC6}.Debug|x64.ActiveCfg = Debug|Any CPU
		{60BE55AF-CFBD-4D24-BD04-A9032A6B7BC6}.Debug|x64.Build.0 = Debug|Any CPU
		{60BE55AF-CFBD-4D24-BD04-A9032A6B7BC6}.Debug|x86.ActiveCfg = Debug|Any CPU
		{60BE55AF-CFBD-4D24-BD04-A9032A6B7BC6}.Debug|x86.Build.0 = Debug|Any CPU
		{60BE55AF-CFBD-4D24-BD04-A9032A6B7BC6}.Release|Any CPU.ActiveCfg = Release|Any CPU
		{60BE55AF-CFBD-4D24-BD04-A9032A6B7BC6}.Release|Any CPU.Build.0 = Release|Any CPU
		{60BE55AF-CFBD-4D24-BD04-A9032A6B7BC6}.Release|x64.ActiveCfg = Release|Any CPU
		{60BE55AF-CFBD-4D24-BD04-A9032A6B7BC6}.Release|x64.Build.0 = Release|Any CPU
		{60BE55AF-CFBD-4D24-BD04-A9032A6B7BC6}.Release|x86.ActiveCfg = Release|Any CPU
		{60BE55AF-CFBD-4D24-BD04-A9032A6B7BC6}.Release|x86.Build.0 = Release|Any CPU
		{0690CB04-E555-4327-BD6C-459061DE1747}.Debug|Any CPU.ActiveCfg = Debug|Any CPU
		{0690CB04-E555-4327-BD6C-459061DE1747}.Debug|Any CPU.Build.0 = Debug|Any CPU
		{0690CB04-E555-4327-BD6C-459061DE1747}.Debug|x64.ActiveCfg = Debug|Any CPU
		{0690CB04-E555-4327-BD6C-459061DE1747}.Debug|x64.Build.0 = Debug|Any CPU
		{0690CB04-E555-4327-BD6C-459061DE1747}.Debug|x86.ActiveCfg = Debug|Any CPU
		{0690CB04-E555-4327-BD6C-459061DE1747}.Debug|x86.Build.0 = Debug|Any CPU
		{0690CB04-E555-4327-BD6C-459061DE1747}.Release|Any CPU.ActiveCfg = Release|Any CPU
		{0690CB04-E555-4327-BD6C-459061DE1747}.Release|Any CPU.Build.0 = Release|Any CPU
		{0690CB04-E555-4327-BD6C-459061DE1747}.Release|x64.ActiveCfg = Release|Any CPU
		{0690CB04-E555-4327-BD6C-459061DE1747}.Release|x64.Build.0 = Release|Any CPU
		{0690CB04-E555-4327-BD6C-459061DE1747}.Release|x86.ActiveCfg = Release|Any CPU
		{0690CB04-E555-4327-BD6C-459061DE1747}.Release|x86.Build.0 = Release|Any CPU
		{F8B37C09-9799-4832-8B16-B0A5C268A30A}.Debug|Any CPU.ActiveCfg = Debug|Any CPU
		{F8B37C09-9799-4832-8B16-B0A5C268A30A}.Debug|Any CPU.Build.0 = Debug|Any CPU
		{F8B37C09-9799-4832-8B16-B0A5C268A30A}.Debug|x64.ActiveCfg = Debug|Any CPU
		{F8B37C09-9799-4832-8B16-B0A5C268A30A}.Debug|x64.Build.0 = Debug|Any CPU
		{F8B37C09-9799-4832-8B16-B0A5C268A30A}.Debug|x86.ActiveCfg = Debug|Any CPU
		{F8B37C09-9799-4832-8B16-B0A5C268A30A}.Debug|x86.Build.0 = Debug|Any CPU
		{F8B37C09-9799-4832-8B16-B0A5C268A30A}.Release|Any CPU.ActiveCfg = Release|Any CPU
		{F8B37C09-9799-4832-8B16-B0A5C268A30A}.Release|Any CPU.Build.0 = Release|Any CPU
		{F8B37C09-9799-4832-8B16-B0A5C268A30A}.Release|x64.ActiveCfg = Release|Any CPU
		{F8B37C09-9799-4832-8B16-B0A5C268A30A}.Release|x64.Build.0 = Release|Any CPU
		{F8B37C09-9799-4832-8B16-B0A5C268A30A}.Release|x86.ActiveCfg = Release|Any CPU
		{F8B37C09-9799-4832-8B16-B0A5C268A30A}.Release|x86.Build.0 = Release|Any CPU
		{7762CC38-A43A-447D-926A-AE5202020273}.Debug|Any CPU.ActiveCfg = Debug|Any CPU
		{7762CC38-A43A-447D-926A-AE5202020273}.Debug|Any CPU.Build.0 = Debug|Any CPU
		{7762CC38-A43A-447D-926A-AE5202020273}.Debug|x64.ActiveCfg = Debug|Any CPU
		{7762CC38-A43A-447D-926A-AE5202020273}.Debug|x64.Build.0 = Debug|Any CPU
		{7762CC38-A43A-447D-926A-AE5202020273}.Debug|x86.ActiveCfg = Debug|Any CPU
		{7762CC38-A43A-447D-926A-AE5202020273}.Debug|x86.Build.0 = Debug|Any CPU
		{7762CC38-A43A-447D-926A-AE5202020273}.Release|Any CPU.ActiveCfg = Release|Any CPU
		{7762CC38-A43A-447D-926A-AE5202020273}.Release|Any CPU.Build.0 = Release|Any CPU
		{7762CC38-A43A-447D-926A-AE5202020273}.Release|x64.ActiveCfg = Release|Any CPU
		{7762CC38-A43A-447D-926A-AE5202020273}.Release|x64.Build.0 = Release|Any CPU
		{7762CC38-A43A-447D-926A-AE5202020273}.Release|x86.ActiveCfg = Release|Any CPU
		{7762CC38-A43A-447D-926A-AE5202020273}.Release|x86.Build.0 = Release|Any CPU
		{B0B41662-4E81-4411-B2D3-F48FA4977B6C}.Debug|Any CPU.ActiveCfg = Debug|Any CPU
		{B0B41662-4E81-4411-B2D3-F48FA4977B6C}.Debug|Any CPU.Build.0 = Debug|Any CPU
		{B0B41662-4E81-4411-B2D3-F48FA4977B6C}.Debug|x64.ActiveCfg = Debug|Any CPU
		{B0B41662-4E81-4411-B2D3-F48FA4977B6C}.Debug|x64.Build.0 = Debug|Any CPU
		{B0B41662-4E81-4411-B2D3-F48FA4977B6C}.Debug|x86.ActiveCfg = Debug|Any CPU
		{B0B41662-4E81-4411-B2D3-F48FA4977B6C}.Debug|x86.Build.0 = Debug|Any CPU
		{B0B41662-4E81-4411-B2D3-F48FA4977B6C}.Release|Any CPU.ActiveCfg = Release|Any CPU
		{B0B41662-4E81-4411-B2D3-F48FA4977B6C}.Release|Any CPU.Build.0 = Release|Any CPU
		{B0B41662-4E81-4411-B2D3-F48FA4977B6C}.Release|x64.ActiveCfg = Release|Any CPU
		{B0B41662-4E81-4411-B2D3-F48FA4977B6C}.Release|x64.Build.0 = Release|Any CPU
		{B0B41662-4E81-4411-B2D3-F48FA4977B6C}.Release|x86.ActiveCfg = Release|Any CPU
		{B0B41662-4E81-4411-B2D3-F48FA4977B6C}.Release|x86.Build.0 = Release|Any CPU
		{90F495F6-24A0-4EE8-8EAA-E9637F9F3B31}.Debug|Any CPU.ActiveCfg = Debug|Any CPU
		{90F495F6-24A0-4EE8-8EAA-E9637F9F3B31}.Debug|Any CPU.Build.0 = Debug|Any CPU
		{90F495F6-24A0-4EE8-8EAA-E9637F9F3B31}.Debug|x64.ActiveCfg = Debug|Any CPU
		{90F495F6-24A0-4EE8-8EAA-E9637F9F3B31}.Debug|x64.Build.0 = Debug|Any CPU
		{90F495F6-24A0-4EE8-8EAA-E9637F9F3B31}.Debug|x86.ActiveCfg = Debug|Any CPU
		{90F495F6-24A0-4EE8-8EAA-E9637F9F3B31}.Debug|x86.Build.0 = Debug|Any CPU
		{90F495F6-24A0-4EE8-8EAA-E9637F9F3B31}.Release|Any CPU.ActiveCfg = Release|Any CPU
		{90F495F6-24A0-4EE8-8EAA-E9637F9F3B31}.Release|Any CPU.Build.0 = Release|Any CPU
		{90F495F6-24A0-4EE8-8EAA-E9637F9F3B31}.Release|x64.ActiveCfg = Release|Any CPU
		{90F495F6-24A0-4EE8-8EAA-E9637F9F3B31}.Release|x64.Build.0 = Release|Any CPU
		{90F495F6-24A0-4EE8-8EAA-E9637F9F3B31}.Release|x86.ActiveCfg = Release|Any CPU
		{90F495F6-24A0-4EE8-8EAA-E9637F9F3B31}.Release|x86.Build.0 = Release|Any CPU
		{AC92047A-A9CA-4606-AD64-CA8CF26C0A1E}.Debug|Any CPU.ActiveCfg = Debug|Any CPU
		{AC92047A-A9CA-4606-AD64-CA8CF26C0A1E}.Debug|Any CPU.Build.0 = Debug|Any CPU
		{AC92047A-A9CA-4606-AD64-CA8CF26C0A1E}.Debug|x64.ActiveCfg = Debug|Any CPU
		{AC92047A-A9CA-4606-AD64-CA8CF26C0A1E}.Debug|x64.Build.0 = Debug|Any CPU
		{AC92047A-A9CA-4606-AD64-CA8CF26C0A1E}.Debug|x86.ActiveCfg = Debug|Any CPU
		{AC92047A-A9CA-4606-AD64-CA8CF26C0A1E}.Debug|x86.Build.0 = Debug|Any CPU
		{AC92047A-A9CA-4606-AD64-CA8CF26C0A1E}.Release|Any CPU.ActiveCfg = Release|Any CPU
		{AC92047A-A9CA-4606-AD64-CA8CF26C0A1E}.Release|Any CPU.Build.0 = Release|Any CPU
		{AC92047A-A9CA-4606-AD64-CA8CF26C0A1E}.Release|x64.ActiveCfg = Release|Any CPU
		{AC92047A-A9CA-4606-AD64-CA8CF26C0A1E}.Release|x64.Build.0 = Release|Any CPU
		{AC92047A-A9CA-4606-AD64-CA8CF26C0A1E}.Release|x86.ActiveCfg = Release|Any CPU
		{AC92047A-A9CA-4606-AD64-CA8CF26C0A1E}.Release|x86.Build.0 = Release|Any CPU
		{E0C5C1CB-3E05-4009-80C1-948B738B789B}.Debug|Any CPU.ActiveCfg = Debug|Any CPU
		{E0C5C1CB-3E05-4009-80C1-948B738B789B}.Debug|Any CPU.Build.0 = Debug|Any CPU
		{E0C5C1CB-3E05-4009-80C1-948B738B789B}.Debug|x64.ActiveCfg = Debug|Any CPU
		{E0C5C1CB-3E05-4009-80C1-948B738B789B}.Debug|x64.Build.0 = Debug|Any CPU
		{E0C5C1CB-3E05-4009-80C1-948B738B789B}.Debug|x86.ActiveCfg = Debug|Any CPU
		{E0C5C1CB-3E05-4009-80C1-948B738B789B}.Debug|x86.Build.0 = Debug|Any CPU
		{E0C5C1CB-3E05-4009-80C1-948B738B789B}.Release|Any CPU.ActiveCfg = Release|Any CPU
		{E0C5C1CB-3E05-4009-80C1-948B738B789B}.Release|Any CPU.Build.0 = Release|Any CPU
		{E0C5C1CB-3E05-4009-80C1-948B738B789B}.Release|x64.ActiveCfg = Release|Any CPU
		{E0C5C1CB-3E05-4009-80C1-948B738B789B}.Release|x64.Build.0 = Release|Any CPU
		{E0C5C1CB-3E05-4009-80C1-948B738B789B}.Release|x86.ActiveCfg = Release|Any CPU
		{E0C5C1CB-3E05-4009-80C1-948B738B789B}.Release|x86.Build.0 = Release|Any CPU
		{29A1E07E-CB96-4522-986F-66168F84B119}.Debug|Any CPU.ActiveCfg = Debug|Any CPU
		{29A1E07E-CB96-4522-986F-66168F84B119}.Debug|Any CPU.Build.0 = Debug|Any CPU
		{29A1E07E-CB96-4522-986F-66168F84B119}.Debug|x64.ActiveCfg = Debug|Any CPU
		{29A1E07E-CB96-4522-986F-66168F84B119}.Debug|x64.Build.0 = Debug|Any CPU
		{29A1E07E-CB96-4522-986F-66168F84B119}.Debug|x86.ActiveCfg = Debug|Any CPU
		{29A1E07E-CB96-4522-986F-66168F84B119}.Debug|x86.Build.0 = Debug|Any CPU
		{29A1E07E-CB96-4522-986F-66168F84B119}.Release|Any CPU.ActiveCfg = Release|Any CPU
		{29A1E07E-CB96-4522-986F-66168F84B119}.Release|Any CPU.Build.0 = Release|Any CPU
		{29A1E07E-CB96-4522-986F-66168F84B119}.Release|x64.ActiveCfg = Release|Any CPU
		{29A1E07E-CB96-4522-986F-66168F84B119}.Release|x64.Build.0 = Release|Any CPU
		{29A1E07E-CB96-4522-986F-66168F84B119}.Release|x86.ActiveCfg = Release|Any CPU
		{29A1E07E-CB96-4522-986F-66168F84B119}.Release|x86.Build.0 = Release|Any CPU
		{A19666E1-6376-4539-A853-EECADAA45A40}.Debug|Any CPU.ActiveCfg = Debug|Any CPU
		{A19666E1-6376-4539-A853-EECADAA45A40}.Debug|Any CPU.Build.0 = Debug|Any CPU
		{A19666E1-6376-4539-A853-EECADAA45A40}.Debug|x64.ActiveCfg = Debug|Any CPU
		{A19666E1-6376-4539-A853-EECADAA45A40}.Debug|x64.Build.0 = Debug|Any CPU
		{A19666E1-6376-4539-A853-EECADAA45A40}.Debug|x86.ActiveCfg = Debug|Any CPU
		{A19666E1-6376-4539-A853-EECADAA45A40}.Debug|x86.Build.0 = Debug|Any CPU
		{A19666E1-6376-4539-A853-EECADAA45A40}.Release|Any CPU.ActiveCfg = Release|Any CPU
		{A19666E1-6376-4539-A853-EECADAA45A40}.Release|Any CPU.Build.0 = Release|Any CPU
		{A19666E1-6376-4539-A853-EECADAA45A40}.Release|x64.ActiveCfg = Release|Any CPU
		{A19666E1-6376-4539-A853-EECADAA45A40}.Release|x64.Build.0 = Release|Any CPU
		{A19666E1-6376-4539-A853-EECADAA45A40}.Release|x86.ActiveCfg = Release|Any CPU
		{A19666E1-6376-4539-A853-EECADAA45A40}.Release|x86.Build.0 = Release|Any CPU
	EndGlobalSection
	GlobalSection(SolutionProperties) = preSolution
		HideSolutionNode = FALSE
	EndGlobalSection
	GlobalSection(NestedProjects) = preSolution
		{7CCE95FF-19CE-42C1-8651-7092B5B3B86E} = {6DF36945-3E79-A891-7D66-89F098F36E7C}
		{938120BF-EE02-4A9D-9889-23AA07DD2063} = {81833E30-6A24-7669-C8A6-DDA46C402516}
		{10545DD2-C2A4-4F16-A124-3F4A0120DFC6} = {2BE339F5-94BB-A5B1-09A4-55051ECF7C6B}
		{402B6FDD-7A52-4E57-8138-3773DADEF88C} = {D82C8EC0-7701-E606-FB3F-3694A987EBBF}
		{60BE55AF-CFBD-4D24-BD04-A9032A6B7BC6} = {668E6244-747F-801E-84E6-BF99A10ADC14}
		{0690CB04-E555-4327-BD6C-459061DE1747} = {C6C1F138-3D73-53ED-6E32-56CD12AB3D03}
		{F8B37C09-9799-4832-8B16-B0A5C268A30A} = {511B423D-A468-2273-A213-2AC7C539C19C}
		{7762CC38-A43A-447D-926A-AE5202020273} = {330AC3AD-F928-0229-A153-EE7010F560E4}
		{B0B41662-4E81-4411-B2D3-F48FA4977B6C} = {EE26EBB1-1E8E-3DA4-65B4-4BB6F4A758A5}
		{90F495F6-24A0-4EE8-8EAA-E9637F9F3B31} = {E9FD412B-F3A2-6458-19A2-C4781B3BA0FF}
		{AC92047A-A9CA-4606-AD64-CA8CF26C0A1E} = {C98285E2-BE9C-6131-0578-267A21D285F1}
		{E0C5C1CB-3E05-4009-80C1-948B738B789B} = {B6FA1A47-0F5A-D58C-BE9B-E7749C644E89}
		{29A1E07E-CB96-4522-986F-66168F84B119} = {9D37047A-C2C6-AEF8-4E27-D45617F32E02}
		{A19666E1-6376-4539-A853-EECADAA45A40} = {BD1691EF-FD01-06C2-D86D-C0649BFFD79A}
	EndGlobalSection
EndGlobal
