
Microsoft Visual Studio Solution File, Format Version 12.00
# Visual Studio Version 17
VisualStudioVersion = 17.0.31903.59
MinimumVisualStudioVersion = 10.0.40219.1
Project("{2150E333-8FDC-42A3-9474-1A3956D46DE8}") = "Ex. 1003 (Soma simples)", "Ex. 1003 (Soma simples)", "{6DF36945-3E79-A891-7D66-89F098F36E7C}"
EndProject
Project("{FAE04EC0-301F-11D3-BF4B-00C04F79EFBC}") = "Ex. 1003", "Ex. 1003 (Soma simples)\Ex. 1003\Ex. 1003.csproj", "{7CCE95FF-19CE-42C1-8651-7092B5B3B86E}"
EndProject
Project("{2150E333-8FDC-42A3-9474-1A3956D46DE8}") = "Ex. 1004 (Produto simples)", "Ex. 1004 (Produto simples)", "{81833E30-6A24-7669-C8A6-DDA46C402516}"
EndProject
Project("{FAE04EC0-301F-11D3-BF4B-00C04F79EFBC}") = "Ex. 1004", "Ex. 1004 (Produto simples)\Ex. 1004\Ex. 1004.csproj", "{938120BF-EE02-4A9D-9889-23AA07DD2063}"
EndProject
Project("{2150E333-8FDC-42A3-9474-1A3956D46DE8}") = "Ex. 1005 (Média 1)", "Ex. 1005 (Média 1)", "{2BE339F5-94BB-A5B1-09A4-55051ECF7C6B}"
EndProject
Project("{FAE04EC0-301F-11D3-BF4B-00C04F79EFBC}") = "Ex. 1005", "Ex. 1005 (Média 1)\Ex. 1005\Ex. 1005.csproj", "{10545DD2-C2A4-4F16-A124-3F4A0120DFC6}"
EndProject
Project("{2150E333-8FDC-42A3-9474-1A3956D46DE8}") = "Ex 1006 (Média 2)", "Ex 1006 (Média 2)", "{D82C8EC0-7701-E606-FB3F-3694A987EBBF}"
EndProject
Project("{FAE04EC0-301F-11D3-BF4B-00C04F79EFBC}") = "Ex 1006", "Ex 1006 (Média 2)\Ex 1006\Ex 1006.csproj", "{402B6FDD-7A52-4E57-8138-3773DADEF88C}"
EndProject
Global
	GlobalSection(SolutionConfigurationPlatforms) = preSolution
		Debug|Any CPU = Debug|Any CPU
		Debug|x64 = Debug|x64
		Debug|x86 = Debug|x86
		Release|Any CPU = Release|Any CPU
		Release|x64 = Release|x64
		Release|x86 = Release|x86
	EndGlobalSection
	GlobalSection(ProjectConfigurationPlatforms) = postSolution
		{7CCE95FF-19CE-42C1-8651-7092B5B3B86E}.Debug|Any CPU.ActiveCfg = Debug|Any CPU
		{7CCE95FF-19CE-42C1-8651-7092B5B3B86E}.Debug|Any CPU.Build.0 = Debug|Any CPU
		{7CCE95FF-19CE-42C1-8651-7092B5B3B86E}.Debug|x64.ActiveCfg = Debug|Any CPU
		{7CCE95FF-19CE-42C1-8651-7092B5B3B86E}.Debug|x64.Build.0 = Debug|Any CPU
		{7CCE95FF-19CE-42C1-8651-7092B5B3B86E}.Debug|x86.ActiveCfg = Debug|Any CPU
		{7CCE95FF-19CE-42C1-8651-7092B5B3B86E}.Debug|x86.Build.0 = Debug|Any CPU
		{7CCE95FF-19CE-42C1-8651-7092B5B3B86E}.Release|Any CPU.ActiveCfg = Release|Any CPU
		{7CCE95FF-19CE-42C1-8651-7092B5B3B86E}.Release|Any CPU.Build.0 = Release|Any CPU
		{7CCE95FF-19CE-42C1-8651-7092B5B3B86E}.Release|x64.ActiveCfg = Release|Any CPU
		{7CCE95FF-19CE-42C1-8651-7092B5B3B86E}.Release|x64.Build.0 = Release|Any CPU
		{7CCE95FF-19CE-42C1-8651-7092B5B3B86E}.Release|x86.ActiveCfg = Release|Any CPU
		{7CCE95FF-19CE-42C1-8651-7092B5B3B86E}.Release|x86.Build.0 = Release|Any CPU
		{938120BF-EE02-4A9D-9889-23AA07DD2063}.Debug|Any CPU.ActiveCfg = Debug|Any CPU
		{938120BF-EE02-4A9D-9889-23AA07DD2063}.Debug|Any CPU.Build.0 = Debug|Any CPU
		{938120BF-EE02-4A9D-9889-23AA07DD2063}.Debug|x64.ActiveCfg = Debug|Any CPU
		{938120BF-EE02-4A9D-9889-23AA07DD2063}.Debug|x64.Build.0 = Debug|Any CPU
		{938120BF-EE02-4A9D-9889-23AA07DD2063}.Debug|x86.ActiveCfg = Debug|Any CPU
		{938120BF-EE02-4A9D-9889-23AA07DD2063}.Debug|x86.Build.0 = Debug|Any CPU
		{938120BF-EE02-4A9D-9889-23AA07DD2063}.Release|Any CPU.ActiveCfg = Release|Any CPU
		{938120BF-EE02-4A9D-9889-23AA07DD2063}.Release|Any CPU.Build.0 = Release|Any CPU
		{938120BF-EE02-4A9D-9889-23AA07DD2063}.Release|x64.ActiveCfg = Release|Any CPU
		{938120BF-EE02-4A9D-9889-23AA07DD2063}.Release|x64.Build.0 = Release|Any CPU
		{938120BF-EE02-4A9D-9889-23AA07DD2063}.Release|x86.ActiveCfg = Release|Any CPU
		{938120BF-EE02-4A9D-9889-23AA07DD2063}.Release|x86.Build.0 = Release|Any CPU
		{10545DD2-C2A4-4F16-A124-3F4A0120DFC6}.Debug|Any CPU.ActiveCfg = Debug|Any CPU
		{10545DD2-C2A4-4F16-A124-3F4A0120DFC6}.Debug|Any CPU.Build.0 = Debug|Any CPU
		{10545DD2-C2A4-4F16-A124-3F4A0120DFC6}.Debug|x64.ActiveCfg = Debug|Any CPU
		{10545DD2-C2A4-4F16-A124-3F4A0120DFC6}.Debug|x64.Build.0 = Debug|Any CPU
		{10545DD2-C2A4-4F16-A124-3F4A0120DFC6}.Debug|x86.ActiveCfg = Debug|Any CPU
		{10545DD2-C2A4-4F16-A124-3F4A0120DFC6}.Debug|x86.Build.0 = Debug|Any CPU
		{10545DD2-C2A4-4F16-A124-3F4A0120DFC6}.Release|Any CPU.ActiveCfg = Release|Any CPU
		{10545DD2-C2A4-4F16-A124-3F4A0120DFC6}.Release|Any CPU.Build.0 = Release|Any CPU
		{10545DD2-C2A4-4F16-A124-3F4A0120DFC6}.Release|x64.ActiveCfg = Release|Any CPU
		{10545DD2-C2A4-4F16-A124-3F4A0120DFC6}.Release|x64.Build.0 = Release|Any CPU
		{10545DD2-C2A4-4F16-A124-3F4A0120DFC6}.Release|x86.ActiveCfg = Release|Any CPU
		{10545DD2-C2A4-4F16-A124-3F4A0120DFC6}.Release|x86.Build.0 = Release|Any CPU
		{402B6FDD-7A52-4E57-8138-3773DADEF88C}.Debug|Any CPU.ActiveCfg = Debug|Any CPU
		{402B6FDD-7A52-4E57-8138-3773DADEF88C}.Debug|Any CPU.Build.0 = Debug|Any CPU
		{402B6FDD-7A52-4E57-8138-3773DADEF88C}.Debug|x64.ActiveCfg = Debug|Any CPU
		{402B6FDD-7A52-4E57-8138-3773DADEF88C}.Debug|x64.Build.0 = Debug|Any CPU
		{402B6FDD-7A52-4E57-8138-3773DADEF88C}.Debug|x86.ActiveCfg = Debug|Any CPU
		{402B6FDD-7A52-4E57-8138-3773DADEF88C}.Debug|x86.Build.0 = Debug|Any CPU
		{402B6FDD-7A52-4E57-8138-3773DADEF88C}.Release|Any CPU.ActiveCfg = Release|Any CPU
		{402B6FDD-7A52-4E57-8138-3773DADEF88C}.Release|Any CPU.Build.0 = Release|Any CPU
		{402B6FDD-7A52-4E57-8138-3773DADEF88C}.Release|x64.ActiveCfg = Release|Any CPU
		{402B6FDD-7A52-4E57-8138-3773DADEF88C}.Release|x64.Build.0 = Release|Any CPU
		{402B6FDD-7A52-4E57-8138-3773DADEF88C}.Release|x86.ActiveCfg = Release|Any CPU
		{402B6FDD-7A52-4E57-8138-3773DADEF88C}.Release|x86.Build.0 = Release|Any CPU
	EndGlobalSection
	GlobalSection(SolutionProperties) = preSolution
		HideSolutionNode = FALSE
	EndGlobalSection
	GlobalSection(NestedProjects) = preSolution
		{7CCE95FF-19CE-42C1-8651-7092B5B3B86E} = {6DF36945-3E79-A891-7D66-89F098F36E7C}
		{938120BF-EE02-4A9D-9889-23AA07DD2063} = {81833E30-6A24-7669-C8A6-DDA46C402516}
		{10545DD2-C2A4-4F16-A124-3F4A0120DFC6} = {2BE339F5-94BB-A5B1-09A4-55051ECF7C6B}
		{402B6FDD-7A52-4E57-8138-3773DADEF88C} = {D82C8EC0-7701-E606-FB3F-3694A987EBBF}
	EndGlobalSection
EndGlobal
